
Microsoft Visual Studio Solution File, Format Version 12.00
# Visual Studio Version 17
VisualStudioVersion = 17.11.35327.3
MinimumVisualStudioVersion = 10.0.40219.1
Project("{FAE04EC0-301F-11D3-BF4B-00C04F79EFBC}") = "RestaurantManagementApp", "RestaurantManagementApp\RestaurantManagementApp.csproj", "{7C9EFE3E-10CE-4537-9977-5F0DA1046C69}"
EndProject
Global
	GlobalSection(SolutionConfigurationPlatforms) = preSolution
		Debug|Any CPU = Debug|Any CPU
		Release|Any CPU = Release|Any CPU
	EndGlobalSection
	GlobalSection(ProjectConfigurationPlatforms) = postSolution
		{7C9EFE3E-10CE-4537-9977-5F0DA1046C69}.Debug|Any CPU.ActiveCfg = Debug|Any CPU
		{7C9EFE3E-10CE-4537-9977-5F0DA1046C69}.Debug|Any CPU.Build.0 = Debug|Any CPU
		{7C9EFE3E-10CE-4537-9977-5F0DA1046C69}.Release|Any CPU.ActiveCfg = Release|Any CPU
		{7C9EFE3E-10CE-4537-9977-5F0DA1046C69}.Release|Any CPU.Build.0 = Release|Any CPU
	EndGlobalSection
	GlobalSection(SolutionProperties) = preSolution
		HideSolutionNode = FALSE
	EndGlobalSection
	GlobalSection(ExtensibilityGlobals) = postSolution
		SolutionGuid = {B94FE24C-E9E5-4864-8250-478C2206BEB5}
	EndGlobalSection
EndGlobal
